// !$*UTF8*$!
{
	archiveVersion = 1;
	classes = {
	};
	objectVersion = 46;
	objects = {

/* Begin PBXBuildFile section */
		0DA374C41DD3DC2200196288 /* AppDelegate.swift in Sources */ = {isa = PBXBuildFile; fileRef = 0DA374C31DD3DC2200196288 /* AppDelegate.swift */; };
		0DA374C61DD3DC2200196288 /* ViewController.swift in Sources */ = {isa = PBXBuildFile; fileRef = 0DA374C51DD3DC2200196288 /* ViewController.swift */; };
		0DA374C91DD3DC2200196288 /* Main.storyboard in Resources */ = {isa = PBXBuildFile; fileRef = 0DA374C71DD3DC2200196288 /* Main.storyboard */; };
		0DA374CB1DD3DC2200196288 /* Assets.xcassets in Resources */ = {isa = PBXBuildFile; fileRef = 0DA374CA1DD3DC2200196288 /* Assets.xcassets */; };
		0DA374CE1DD3DC2200196288 /* LaunchScreen.storyboard in Resources */ = {isa = PBXBuildFile; fileRef = 0DA374CC1DD3DC2200196288 /* LaunchScreen.storyboard */; };
		0DA374D91DD3DC2200196288 /* Audio_PlayerTests.swift in Sources */ = {isa = PBXBuildFile; fileRef = 0DA374D81DD3DC2200196288 /* Audio_PlayerTests.swift */; };
		0DA374E41DD3DC2200196288 /* Audio_PlayerUITests.swift in Sources */ = {isa = PBXBuildFile; fileRef = 0DA374E31DD3DC2200196288 /* Audio_PlayerUITests.swift */; };
		0DA374F21DD3DD8F00196288 /* sheep.mp3 in Resources */ = {isa = PBXBuildFile; fileRef = 0DA374F11DD3DD8F00196288 /* sheep.mp3 */; };
/* End PBXBuildFile section */

/* Begin PBXContainerItemProxy section */
		0DA374D51DD3DC2200196288 /* PBXContainerItemProxy */ = {
			isa = PBXContainerItemProxy;
			containerPortal = 0DA374B81DD3DC2200196288 /* Project object */;
			proxyType = 1;
			remoteGlobalIDString = 0DA374BF1DD3DC2200196288;
			remoteInfo = "Audio Player";
		};
		0DA374E01DD3DC2200196288 /* PBXContainerItemProxy */ = {
			isa = PBXContainerItemProxy;
			containerPortal = 0DA374B81DD3DC2200196288 /* Project object */;
			proxyType = 1;
			remoteGlobalIDString = 0DA374BF1DD3DC2200196288;
			remoteInfo = "Audio Player";
		};
/* End PBXContainerItemProxy section */

/* Begin PBXFileReference section */
		0DA374C01DD3DC2200196288 /* Audio Player.app */ = {isa = PBXFileReference; explicitFileType = wrapper.application; includeInIndex = 0; path = "Audio Player.app"; sourceTree = BUILT_PRODUCTS_DIR; };
		0DA374C31DD3DC2200196288 /* AppDelegate.swift */ = {isa = PBXFileReference; lastKnownFileType = sourcecode.swift; path = AppDelegate.swift; sourceTree = "<group>"; };
		0DA374C51DD3DC2200196288 /* ViewController.swift */ = {isa = PBXFileReference; lastKnownFileType = sourcecode.swift; path = ViewController.swift; sourceTree = "<group>"; };
		0DA374C81DD3DC2200196288 /* Base */ = {isa = PBXFileReference; lastKnownFileType = file.storyboard; name = Base; path = Base.lproj/Main.storyboard; sourceTree = "<group>"; };
		0DA374CA1DD3DC2200196288 /* Assets.xcassets */ = {isa = PBXFileReference; lastKnownFileType = folder.assetcatalog; path = Assets.xcassets; sourceTree = "<group>"; };
		0DA374CD1DD3DC2200196288 /* Base */ = {isa = PBXFileReference; lastKnownFileType = file.storyboard; name = Base; path = Base.lproj/LaunchScreen.storyboard; sourceTree = "<group>"; };
		0DA374CF1DD3DC2200196288 /* Info.plist */ = {isa = PBXFileReference; lastKnownFileType = text.plist.xml; path = Info.plist; sourceTree = "<group>"; };
		0DA374D41DD3DC2200196288 /* Audio PlayerTests.xctest */ = {isa = PBXFileReference; explicitFileType = wrapper.cfbundle; includeInIndex = 0; path = "Audio PlayerTests.xctest"; sourceTree = BUILT_PRODUCTS_DIR; };
		0DA374D81DD3DC2200196288 /* Audio_PlayerTests.swift */ = {isa = PBXFileReference; lastKnownFileType = sourcecode.swift; path = Audio_PlayerTests.swift; sourceTree = "<group>"; };
		0DA374DA1DD3DC2200196288 /* Info.plist */ = {isa = PBXFileReference; lastKnownFileType = text.plist.xml; path = Info.plist; sourceTree = "<group>"; };
		0DA374DF1DD3DC2200196288 /* Audio PlayerUITests.xctest */ = {isa = PBXFileReference; explicitFileType = wrapper.cfbundle; includeInIndex = 0; path = "Audio PlayerUITests.xctest"; sourceTree = BUILT_PRODUCTS_DIR; };
		0DA374E31DD3DC2200196288 /* Audio_PlayerUITests.swift */ = {isa = PBXFileReference; lastKnownFileType = sourcecode.swift; path = Audio_PlayerUITests.swift; sourceTree = "<group>"; };
		0DA374E51DD3DC2200196288 /* Info.plist */ = {isa = PBXFileReference; lastKnownFileType = text.plist.xml; path = Info.plist; sourceTree = "<group>"; };
		0DA374F11DD3DD8F00196288 /* sheep.mp3 */ = {isa = PBXFileReference; lastKnownFileType = audio.mp3; path = sheep.mp3; sourceTree = "<group>"; };
/* End PBXFileReference section */

/* Begin PBXFrameworksBuildPhase section */
		0DA374BD1DD3DC2200196288 /* Frameworks */ = {
			isa = PBXFrameworksBuildPhase;
			buildActionMask = 2147483647;
			files = (
			);
			runOnlyForDeploymentPostprocessing = 0;
		};
		0DA374D11DD3DC2200196288 /* Frameworks */ = {
			isa = PBXFrameworksBuildPhase;
			buildActionMask = 2147483647;
			files = (
			);
			runOnlyForDeploymentPostprocessing = 0;
		};
		0DA374DC1DD3DC2200196288 /* Frameworks */ = {
			isa = PBXFrameworksBuildPhase;
			buildActionMask = 2147483647;
			files = (
			);
			runOnlyForDeploymentPostprocessing = 0;
		};
/* End PBXFrameworksBuildPhase section */

/* Begin PBXGroup section */
		0DA374B71DD3DC2200196288 = {
			isa = PBXGroup;
			children = (
				0DA374C21DD3DC2200196288 /* Audio Player */,
				0DA374D71DD3DC2200196288 /* Audio PlayerTests */,
				0DA374E21DD3DC2200196288 /* Audio PlayerUITests */,
				0DA374C11DD3DC2200196288 /* Products */,
			);
			sourceTree = "<group>";
		};
		0DA374C11DD3DC2200196288 /* Products */ = {
			isa = PBXGroup;
			children = (
				0DA374C01DD3DC2200196288 /* Audio Player.app */,
				0DA374D41DD3DC2200196288 /* Audio PlayerTests.xctest */,
				0DA374DF1DD3DC2200196288 /* Audio PlayerUITests.xctest */,
			);
			name = Products;
			sourceTree = "<group>";
		};
		0DA374C21DD3DC2200196288 /* Audio Player */ = {
			isa = PBXGroup;
			children = (
				0DA374C31DD3DC2200196288 /* AppDelegate.swift */,
				0DA374C51DD3DC2200196288 /* ViewController.swift */,
				0DA374C71DD3DC2200196288 /* Main.storyboard */,
				0DA374F11DD3DD8F00196288 /* sheep.mp3 */,
				0DA374CA1DD3DC2200196288 /* Assets.xcassets */,
				0DA374CC1DD3DC2200196288 /* LaunchScreen.storyboard */,
				0DA374CF1DD3DC2200196288 /* Info.plist */,
			);
			path = "Audio Player";
			sourceTree = "<group>";
		};
		0DA374D71DD3DC2200196288 /* Audio PlayerTests */ = {
			isa = PBXGroup;
			children = (
				0DA374D81DD3DC2200196288 /* Audio_PlayerTests.swift */,
				0DA374DA1DD3DC2200196288 /* Info.plist */,
			);
			path = "Audio PlayerTests";
			sourceTree = "<group>";
		};
		0DA374E21DD3DC2200196288 /* Audio PlayerUITests */ = {
			isa = PBXGroup;
			children = (
				0DA374E31DD3DC2200196288 /* Audio_PlayerUITests.swift */,
				0DA374E51DD3DC2200196288 /* Info.plist */,
			);
			path = "Audio PlayerUITests";
			sourceTree = "<group>";
		};
/* End PBXGroup section */

/* Begin PBXNativeTarget section */
		0DA374BF1DD3DC2200196288 /* Audio Player */ = {
			isa = PBXNativeTarget;
			buildConfigurationList = 0DA374E81DD3DC2200196288 /* Build configuration list for PBXNativeTarget "Audio Player" */;
			buildPhases = (
				0DA374BC1DD3DC2200196288 /* Sources */,
				0DA374BD1DD3DC2200196288 /* Frameworks */,
				0DA374BE1DD3DC2200196288 /* Resources */,
			);
			buildRules = (
			);
			dependencies = (
			);
			name = "Audio Player";
			productName = "Audio Player";
			productReference = 0DA374C01DD3DC2200196288 /* Audio Player.app */;
			productType = "com.apple.product-type.application";
		};
		0DA374D31DD3DC2200196288 /* Audio PlayerTests */ = {
			isa = PBXNativeTarget;
			buildConfigurationList = 0DA374EB1DD3DC2200196288 /* Build configuration list for PBXNativeTarget "Audio PlayerTests" */;
			buildPhases = (
				0DA374D01DD3DC2200196288 /* Sources */,
				0DA374D11DD3DC2200196288 /* Frameworks */,
				0DA374D21DD3DC2200196288 /* Resources */,
			);
			buildRules = (
			);
			dependencies = (
				0DA374D61DD3DC2200196288 /* PBXTargetDependency */,
			);
			name = "Audio PlayerTests";
			productName = "Audio PlayerTests";
			productReference = 0DA374D41DD3DC2200196288 /* Audio PlayerTests.xctest */;
			productType = "com.apple.product-type.bundle.unit-test";
		};
		0DA374DE1DD3DC2200196288 /* Audio PlayerUITests */ = {
			isa = PBXNativeTarget;
			buildConfigurationList = 0DA374EE1DD3DC2200196288 /* Build configuration list for PBXNativeTarget "Audio PlayerUITests" */;
			buildPhases = (
				0DA374DB1DD3DC2200196288 /* Sources */,
				0DA374DC1DD3DC2200196288 /* Frameworks */,
				0DA374DD1DD3DC2200196288 /* Resources */,
			);
			buildRules = (
			);
			dependencies = (
				0DA374E11DD3DC2200196288 /* PBXTargetDependency */,
			);
			name = "Audio PlayerUITests";
			productName = "Audio PlayerUITests";
			productReference = 0DA374DF1DD3DC2200196288 /* Audio PlayerUITests.xctest */;
			productType = "com.apple.product-type.bundle.ui-testing";
		};
/* End PBXNativeTarget section */

/* Begin PBXProject section */
		0DA374B81DD3DC2200196288 /* Project object */ = {
			isa = PBXProject;
			attributes = {
				LastSwiftUpdateCheck = 0810;
				LastUpgradeCheck = 0810;
				ORGANIZATIONNAME = "Ryan Ruoshui Yan";
				TargetAttributes = {
					0DA374BF1DD3DC2200196288 = {
						CreatedOnToolsVersion = 8.1;
						ProvisioningStyle = Automatic;
					};
					0DA374D31DD3DC2200196288 = {
						CreatedOnToolsVersion = 8.1;
						ProvisioningStyle = Automatic;
						TestTargetID = 0DA374BF1DD3DC2200196288;
					};
					0DA374DE1DD3DC2200196288 = {
						CreatedOnToolsVersion = 8.1;
						ProvisioningStyle = Automatic;
						TestTargetID = 0DA374BF1DD3DC2200196288;
					};
				};
			};
			buildConfigurationList = 0DA374BB1DD3DC2200196288 /* Build configuration list for PBXProject "Audio Player" */;
			compatibilityVersion = "Xcode 3.2";
			developmentRegion = English;
			hasScannedForEncodings = 0;
			knownRegions = (
				en,
				Base,
			);
			mainGroup = 0DA374B71DD3DC2200196288;
			productRefGroup = 0DA374C11DD3DC2200196288 /* Products */;
			projectDirPath = "";
			projectRoot = "";
			targets = (
				0DA374BF1DD3DC2200196288 /* Audio Player */,
				0DA374D31DD3DC2200196288 /* Audio PlayerTests */,
				0DA374DE1DD3DC2200196288 /* Audio PlayerUITests */,
			);
		};
/* End PBXProject section */

/* Begin PBXResourcesBuildPhase section */
		0DA374BE1DD3DC2200196288 /* Resources */ = {
			isa = PBXResourcesBuildPhase;
			buildActionMask = 2147483647;
			files = (
				0DA374F21DD3DD8F00196288 /* sheep.mp3 in Resources */,
				0DA374CE1DD3DC2200196288 /* LaunchScreen.storyboard in Resources */,
				0DA374CB1DD3DC2200196288 /* Assets.xcassets in Resources */,
				0DA374C91DD3DC2200196288 /* Main.storyboard in Resources */,
			);
			runOnlyForDeploymentPostprocessing = 0;
		};
		0DA374D21DD3DC2200196288 /* Resources */ = {
			isa = PBXResourcesBuildPhase;
			buildActionMask = 2147483647;
			files = (
			);
			runOnlyForDeploymentPostprocessing = 0;
		};
		0DA374DD1DD3DC2200196288 /* Resources */ = {
			isa = PBXResourcesBuildPhase;
			buildActionMask = 2147483647;
			files = (
			);
			runOnlyForDeploymentPostprocessing = 0;
		};
/* End PBXResourcesBuildPhase section */

/* Begin PBXSourcesBuildPhase section */
		0DA374BC1DD3DC2200196288 /* Sources */ = {
			isa = PBXSourcesBuildPhase;
			buildActionMask = 2147483647;
			files = (
				0DA374C61DD3DC2200196288 /* ViewController.swift in Sources */,
				0DA374C41DD3DC2200196288 /* AppDelegate.swift in Sources */,
			);
			runOnlyForDeploymentPostprocessing = 0;
		};
		0DA374D01DD3DC2200196288 /* Sources */ = {
			isa = PBXSourcesBuildPhase;
			buildActionMask = 2147483647;
			files = (
				0DA374D91DD3DC2200196288 /* Audio_PlayerTests.swift in Sources */,
			);
			runOnlyForDeploymentPostprocessing = 0;
		};
		0DA374DB1DD3DC2200196288 /* Sources */ = {
			isa = PBXSourcesBuildPhase;
			buildActionMask = 2147483647;
			files = (
				0DA374E41DD3DC2200196288 /* Audio_PlayerUITests.swift in Sources */,
			);
			runOnlyForDeploymentPostprocessing = 0;
		};
/* End PBXSourcesBuildPhase section */

/* Begin PBXTargetDependency section */
		0DA374D61DD3DC2200196288 /* PBXTargetDependency */ = {
			isa = PBXTargetDependency;
			target = 0DA374BF1DD3DC2200196288 /* Audio Player */;
			targetProxy = 0DA374D51DD3DC2200196288 /* PBXContainerItemProxy */;
		};
		0DA374E11DD3DC2200196288 /* PBXTargetDependency */ = {
			isa = PBXTargetDependency;
			target = 0DA374BF1DD3DC2200196288 /* Audio Player */;
			targetProxy = 0DA374E01DD3DC2200196288 /* PBXContainerItemProxy */;
		};
/* End PBXTargetDependency section */

/* Begin PBXVariantGroup section */
		0DA374C71DD3DC2200196288 /* Main.storyboard */ = {
			isa = PBXVariantGroup;
			children = (
				0DA374C81DD3DC2200196288 /* Base */,
			);
			name = Main.storyboard;
			sourceTree = "<group>";
		};
		0DA374CC1DD3DC2200196288 /* LaunchScreen.storyboard */ = {
			isa = PBXVariantGroup;
			children = (
				0DA374CD1DD3DC2200196288 /* Base */,
			);
			name = LaunchScreen.storyboard;
			sourceTree = "<group>";
		};
/* End PBXVariantGroup section */

/* Begin XCBuildConfiguration section */
		0DA374E61DD3DC2200196288 /* Debug */ = {
			isa = XCBuildConfiguration;
			buildSettings = {
				ALWAYS_SEARCH_USER_PATHS = NO;
				CLANG_ANALYZER_NONNULL = YES;
				CLANG_CXX_LANGUAGE_STANDARD = "gnu++0x";
				CLANG_CXX_LIBRARY = "libc++";
				CLANG_ENABLE_MODULES = YES;
				CLANG_ENABLE_OBJC_ARC = YES;
				CLANG_WARN_BOOL_CONVERSION = YES;
				CLANG_WARN_CONSTANT_CONVERSION = YES;
				CLANG_WARN_DIRECT_OBJC_ISA_USAGE = YES_ERROR;
				CLANG_WARN_DOCUMENTATION_COMMENTS = YES;
				CLANG_WARN_EMPTY_BODY = YES;
				CLANG_WARN_ENUM_CONVERSION = YES;
				CLANG_WARN_INFINITE_RECURSION = YES;
				CLANG_WARN_INT_CONVERSION = YES;
				CLANG_WARN_OBJC_ROOT_CLASS = YES_ERROR;
				CLANG_WARN_SUSPICIOUS_MOVES = YES;
				CLANG_WARN_UNREACHABLE_CODE = YES;
				CLANG_WARN__DUPLICATE_METHOD_MATCH = YES;
				"CODE_SIGN_IDENTITY[sdk=iphoneos*]" = "iPhone Developer";
				COPY_PHASE_STRIP = NO;
				DEBUG_INFORMATION_FORMAT = dwarf;
				ENABLE_STRICT_OBJC_MSGSEND = YES;
				ENABLE_TESTABILITY = YES;
				GCC_C_LANGUAGE_STANDARD = gnu99;
				GCC_DYNAMIC_NO_PIC = NO;
				GCC_NO_COMMON_BLOCKS = YES;
				GCC_OPTIMIZATION_LEVEL = 0;
				GCC_PREPROCESSOR_DEFINITIONS = (
					"DEBUG=1",
					"$(inherited)",
				);
				GCC_WARN_64_TO_32_BIT_CONVERSION = YES;
				GCC_WARN_ABOUT_RETURN_TYPE = YES_ERROR;
				GCC_WARN_UNDECLARED_SELECTOR = YES;
				GCC_WARN_UNINITIALIZED_AUTOS = YES_AGGRESSIVE;
				GCC_WARN_UNUSED_FUNCTION = YES;
				GCC_WARN_UNUSED_VARIABLE = YES;
				IPHONEOS_DEPLOYMENT_TARGET = 10.1;
				MTL_ENABLE_DEBUG_INFO = YES;
				ONLY_ACTIVE_ARCH = YES;
				SDKROOT = iphoneos;
				SWIFT_ACTIVE_COMPILATION_CONDITIONS = DEBUG;
				SWIFT_OPTIMIZATION_LEVEL = "-Onone";
				TARGETED_DEVICE_FAMILY = "1,2";
			};
			name = Debug;
		};
		0DA374E71DD3DC2200196288 /* Release */ = {
			isa = XCBuildConfiguration;
			buildSettings = {
				ALWAYS_SEARCH_USER_PATHS = NO;
				CLANG_ANALYZER_NONNULL = YES;
				CLANG_CXX_LANGUAGE_STANDARD = "gnu++0x";
				CLANG_CXX_LIBRARY = "libc++";
				CLANG_ENABLE_MODULES = YES;
				CLANG_ENABLE_OBJC_ARC = YES;
				CLANG_WARN_BOOL_CONVERSION = YES;
				CLANG_WARN_CONSTANT_CONVERSION = YES;
				CLANG_WARN_DIRECT_OBJC_ISA_USAGE = YES_ERROR;
				CLANG_WARN_DOCUMENTATION_COMMENTS = YES;
				CLANG_WARN_EMPTY_BODY = YES;
				CLANG_WARN_ENUM_CONVERSION = YES;
				CLANG_WARN_INFINITE_RECURSION = YES;
				CLANG_WARN_INT_CONVERSION = YES;
				CLANG_WARN_OBJC_ROOT_CLASS = YES_ERROR;
				CLANG_WARN_SUSPICIOUS_MOVES = YES;
				CLANG_WARN_UNREACHABLE_CODE = YES;
				CLANG_WARN__DUPLICATE_METHOD_MATCH = YES;
				"CODE_SIGN_IDENTITY[sdk=iphoneos*]" = "iPhone Developer";
				COPY_PHASE_STRIP = NO;
				DEBUG_INFORMATION_FORMAT = "dwarf-with-dsym";
				ENABLE_NS_ASSERTIONS = NO;
				ENABLE_STRICT_OBJC_MSGSEND = YES;
				GCC_C_LANGUAGE_STANDARD = gnu99;
				GCC_NO_COMMON_BLOCKS = YES;
				GCC_WARN_64_TO_32_BIT_CONVERSION = YES;
				GCC_WARN_ABOUT_RETURN_TYPE = YES_ERROR;
				GCC_WARN_UNDECLARED_SELECTOR = YES;
				GCC_WARN_UNINITIALIZED_AUTOS = YES_AGGRESSIVE;
				GCC_WARN_UNUSED_FUNCTION = YES;
				GCC_WARN_UNUSED_VARIABLE = YES;
				IPHONEOS_DEPLOYMENT_TARGET = 10.1;
				MTL_ENABLE_DEBUG_INFO = NO;
				SDKROOT = iphoneos;
				SWIFT_OPTIMIZATION_LEVEL = "-Owholemodule";
				TARGETED_DEVICE_FAMILY = "1,2";
				VALIDATE_PRODUCT = YES;
			};
			name = Release;
		};
		0DA374E91DD3DC2200196288 /* Debug */ = {
			isa = XCBuildConfiguration;
			buildSettings = {
				ASSETCATALOG_COMPILER_APPICON_NAME = AppIcon;
				INFOPLIST_FILE = "Audio Player/Info.plist";
				LD_RUNPATH_SEARCH_PATHS = "$(inherited) @executable_path/Frameworks";
				PRODUCT_BUNDLE_IDENTIFIER = "Ryan.Audio-Player";
				PRODUCT_NAME = "$(TARGET_NAME)";
				SWIFT_VERSION = 3.0;
			};
			name = Debug;
		};
		0DA374EA1DD3DC2200196288 /* Release */ = {
			isa = XCBuildConfiguration;
			buildSettings = {
				ASSETCATALOG_COMPILER_APPICON_NAME = AppIcon;
				INFOPLIST_FILE = "Audio Player/Info.plist";
				LD_RUNPATH_SEARCH_PATHS = "$(inherited) @executable_path/Frameworks";
				PRODUCT_BUNDLE_IDENTIFIER = "Ryan.Audio-Player";
				PRODUCT_NAME = "$(TARGET_NAME)";
				SWIFT_VERSION = 3.0;
			};
			name = Release;
		};
		0DA374EC1DD3DC2200196288 /* Debug */ = {
			isa = XCBuildConfiguration;
			buildSettings = {
				ALWAYS_EMBED_SWIFT_STANDARD_LIBRARIES = YES;
				BUNDLE_LOADER = "$(TEST_HOST)";
				INFOPLIST_FILE = "Audio PlayerTests/Info.plist";
				LD_RUNPATH_SEARCH_PATHS = "$(inherited) @executable_path/Frameworks @loader_path/Frameworks";
				PRODUCT_BUNDLE_IDENTIFIER = "Ryan.Audio-PlayerTests";
				PRODUCT_NAME = "$(TARGET_NAME)";
				SWIFT_VERSION = 3.0;
				TEST_HOST = "$(BUILT_PRODUCTS_DIR)/Audio Player.app/Audio Player";
			};
			name = Debug;
		};
		0DA374ED1DD3DC2200196288 /* Release */ = {
			isa = XCBuildConfiguration;
			buildSettings = {
				ALWAYS_EMBED_SWIFT_STANDARD_LIBRARIES = YES;
				BUNDLE_LOADER = "$(TEST_HOST)";
				INFOPLIST_FILE = "Audio PlayerTests/Info.plist";
				LD_RUNPATH_SEARCH_PATHS = "$(inherited) @executable_path/Frameworks @loader_path/Frameworks";
				PRODUCT_BUNDLE_IDENTIFIER = "Ryan.Audio-PlayerTests";
				PRODUCT_NAME = "$(TARGET_NAME)";
				SWIFT_VERSION = 3.0;
				TEST_HOST = "$(BUILT_PRODUCTS_DIR)/Audio Player.app/Audio Player";
			};
			name = Release;
		};
		0DA374EF1DD3DC2200196288 /* Debug */ = {
			isa = XCBuildConfiguration;
			buildSettings = {
				ALWAYS_EMBED_SWIFT_STANDARD_LIBRARIES = YES;
				INFOPLIST_FILE = "Audio PlayerUITests/Info.plist";
				LD_RUNPATH_SEARCH_PATHS = "$(inherited) @executable_path/Frameworks @loader_path/Frameworks";
				PRODUCT_BUNDLE_IDENTIFIER = "Ryan.Audio-PlayerUITests";
				PRODUCT_NAME = "$(TARGET_NAME)";
				SWIFT_VERSION = 3.0;
				TEST_TARGET_NAME = "Audio Player";
			};
			name = Debug;
		};
		0DA374F01DD3DC2200196288 /* Release */ = {
			isa = XCBuildConfiguration;
			buildSettings = {
				ALWAYS_EMBED_SWIFT_STANDARD_LIBRARIES = YES;
				INFOPLIST_FILE = "Audio PlayerUITests/Info.plist";
				LD_RUNPATH_SEARCH_PATHS = "$(inherited) @executable_path/Frameworks @loader_path/Frameworks";
				PRODUCT_BUNDLE_IDENTIFIER = "Ryan.Audio-PlayerUITests";
				PRODUCT_NAME = "$(TARGET_NAME)";
				SWIFT_VERSION = 3.0;
				TEST_TARGET_NAME = "Audio Player";
			};
			name = Release;
		};
/* End XCBuildConfiguration section */

/* Begin XCConfigurationList section */
		0DA374BB1DD3DC2200196288 /* Build configuration list for PBXProject "Audio Player" */ = {
			isa = XCConfigurationList;
			buildConfigurations = (
				0DA374E61DD3DC2200196288 /* Debug */,
				0DA374E71DD3DC2200196288 /* Release */,
			);
			defaultConfigurationIsVisible = 0;
			defaultConfigurationName = Release;
		};
		0DA374E81DD3DC2200196288 /* Build configuration list for PBXNativeTarget "Audio Player" */ = {
			isa = XCConfigurationList;
			buildConfigurations = (
				0DA374E91DD3DC2200196288 /* Debug */,
				0DA374EA1DD3DC2200196288 /* Release */,
			);
			defaultConfigurationIsVisible = 0;
		};
		0DA374EB1DD3DC2200196288 /* Build configuration list for PBXNativeTarget "Audio PlayerTests" */ = {
			isa = XCConfigurationList;
			buildConfigurations = (
				0DA374EC1DD3DC2200196288 /* Debug */,
				0DA374ED1DD3DC2200196288 /* Release */,
			);
			defaultConfigurationIsVisible = 0;
		};
		0DA374EE1DD3DC2200196288 /* Build configuration list for PBXNativeTarget "Audio PlayerUITests" */ = {
			isa = XCConfigurationList;
			buildConfigurations = (
				0DA374EF1DD3DC2200196288 /* Debug */,
				0DA374F01DD3DC2200196288 /* Release */,
			);
			defaultConfigurationIsVisible = 0;
		};
/* End XCConfigurationList section */
	};
	rootObject = 0DA374B81DD3DC2200196288 /* Project object */;
}
