// !$*UTF8*$!
{
	archiveVersion = 1;
	classes = {
	};
	objectVersion = 46;
	objects = {

/* Begin PBXBuildFile section */
		0D5C530C1DD40F3100D06487 /* AppDelegate.swift in Sources */ = {isa = PBXBuildFile; fileRef = 0D5C530B1DD40F3100D06487 /* AppDelegate.swift */; };
		0D5C530E1DD40F3100D06487 /* ViewController.swift in Sources */ = {isa = PBXBuildFile; fileRef = 0D5C530D1DD40F3100D06487 /* ViewController.swift */; };
		0D5C53111DD40F3100D06487 /* Main.storyboard in Resources */ = {isa = PBXBuildFile; fileRef = 0D5C530F1DD40F3100D06487 /* Main.storyboard */; };
		0D5C53131DD40F3100D06487 /* Assets.xcassets in Resources */ = {isa = PBXBuildFile; fileRef = 0D5C53121DD40F3100D06487 /* Assets.xcassets */; };
		0D5C53161DD40F3100D06487 /* LaunchScreen.storyboard in Resources */ = {isa = PBXBuildFile; fileRef = 0D5C53141DD40F3100D06487 /* LaunchScreen.storyboard */; };
		0D5C53211DD40F3100D06487 /* Memorable_PlacesTests.swift in Sources */ = {isa = PBXBuildFile; fileRef = 0D5C53201DD40F3100D06487 /* Memorable_PlacesTests.swift */; };
		0D5C532C1DD40F3100D06487 /* Memorable_PlacesUITests.swift in Sources */ = {isa = PBXBuildFile; fileRef = 0D5C532B1DD40F3100D06487 /* Memorable_PlacesUITests.swift */; };
		0D5C533A1DD4125000D06487 /* PlaceTableViewController.swift in Sources */ = {isa = PBXBuildFile; fileRef = 0D5C53391DD4125000D06487 /* PlaceTableViewController.swift */; };
		0D5C533D1DD42EF800D06487 /* CoreLocation.framework in Frameworks */ = {isa = PBXBuildFile; fileRef = 0D5C533C1DD42EF800D06487 /* CoreLocation.framework */; };
/* End PBXBuildFile section */

/* Begin PBXContainerItemProxy section */
		0D5C531D1DD40F3100D06487 /* PBXContainerItemProxy */ = {
			isa = PBXContainerItemProxy;
			containerPortal = 0D5C53001DD40F3100D06487 /* Project object */;
			proxyType = 1;
			remoteGlobalIDString = 0D5C53071DD40F3100D06487;
			remoteInfo = "Memorable Places";
		};
		0D5C53281DD40F3100D06487 /* PBXContainerItemProxy */ = {
			isa = PBXContainerItemProxy;
			containerPortal = 0D5C53001DD40F3100D06487 /* Project object */;
			proxyType = 1;
			remoteGlobalIDString = 0D5C53071DD40F3100D06487;
			remoteInfo = "Memorable Places";
		};
/* End PBXContainerItemProxy section */

/* Begin PBXFileReference section */
		0D5C53081DD40F3100D06487 /* Memorable Places.app */ = {isa = PBXFileReference; explicitFileType = wrapper.application; includeInIndex = 0; path = "Memorable Places.app"; sourceTree = BUILT_PRODUCTS_DIR; };
		0D5C530B1DD40F3100D06487 /* AppDelegate.swift */ = {isa = PBXFileReference; lastKnownFileType = sourcecode.swift; path = AppDelegate.swift; sourceTree = "<group>"; };
		0D5C530D1DD40F3100D06487 /* ViewController.swift */ = {isa = PBXFileReference; lastKnownFileType = sourcecode.swift; path = ViewController.swift; sourceTree = "<group>"; };
		0D5C53101DD40F3100D06487 /* Base */ = {isa = PBXFileReference; lastKnownFileType = file.storyboard; name = Base; path = Base.lproj/Main.storyboard; sourceTree = "<group>"; };
		0D5C53121DD40F3100D06487 /* Assets.xcassets */ = {isa = PBXFileReference; lastKnownFileType = folder.assetcatalog; path = Assets.xcassets; sourceTree = "<group>"; };
		0D5C53151DD40F3100D06487 /* Base */ = {isa = PBXFileReference; lastKnownFileType = file.storyboard; name = Base; path = Base.lproj/LaunchScreen.storyboard; sourceTree = "<group>"; };
		0D5C53171DD40F3100D06487 /* Info.plist */ = {isa = PBXFileReference; lastKnownFileType = text.plist.xml; path = Info.plist; sourceTree = "<group>"; };
		0D5C531C1DD40F3100D06487 /* Memorable PlacesTests.xctest */ = {isa = PBXFileReference; explicitFileType = wrapper.cfbundle; includeInIndex = 0; path = "Memorable PlacesTests.xctest"; sourceTree = BUILT_PRODUCTS_DIR; };
		0D5C53201DD40F3100D06487 /* Memorable_PlacesTests.swift */ = {isa = PBXFileReference; lastKnownFileType = sourcecode.swift; path = Memorable_PlacesTests.swift; sourceTree = "<group>"; };
		0D5C53221DD40F3100D06487 /* Info.plist */ = {isa = PBXFileReference; lastKnownFileType = text.plist.xml; path = Info.plist; sourceTree = "<group>"; };
		0D5C53271DD40F3100D06487 /* Memorable PlacesUITests.xctest */ = {isa = PBXFileReference; explicitFileType = wrapper.cfbundle; includeInIndex = 0; path = "Memorable PlacesUITests.xctest"; sourceTree = BUILT_PRODUCTS_DIR; };
		0D5C532B1DD40F3100D06487 /* Memorable_PlacesUITests.swift */ = {isa = PBXFileReference; lastKnownFileType = sourcecode.swift; path = Memorable_PlacesUITests.swift; sourceTree = "<group>"; };
		0D5C532D1DD40F3100D06487 /* Info.plist */ = {isa = PBXFileReference; lastKnownFileType = text.plist.xml; path = Info.plist; sourceTree = "<group>"; };
		0D5C53391DD4125000D06487 /* PlaceTableViewController.swift */ = {isa = PBXFileReference; fileEncoding = 4; lastKnownFileType = sourcecode.swift; path = PlaceTableViewController.swift; sourceTree = "<group>"; };
		0D5C533C1DD42EF800D06487 /* CoreLocation.framework */ = {isa = PBXFileReference; lastKnownFileType = wrapper.framework; name = CoreLocation.framework; path = System/Library/Frameworks/CoreLocation.framework; sourceTree = SDKROOT; };
/* End PBXFileReference section */

/* Begin PBXFrameworksBuildPhase section */
		0D5C53051DD40F3100D06487 /* Frameworks */ = {
			isa = PBXFrameworksBuildPhase;
			buildActionMask = 2147483647;
			files = (
				0D5C533D1DD42EF800D06487 /* CoreLocation.framework in Frameworks */,
			);
			runOnlyForDeploymentPostprocessing = 0;
		};
		0D5C53191DD40F3100D06487 /* Frameworks */ = {
			isa = PBXFrameworksBuildPhase;
			buildActionMask = 2147483647;
			files = (
			);
			runOnlyForDeploymentPostprocessing = 0;
		};
		0D5C53241DD40F3100D06487 /* Frameworks */ = {
			isa = PBXFrameworksBuildPhase;
			buildActionMask = 2147483647;
			files = (
			);
			runOnlyForDeploymentPostprocessing = 0;
		};
/* End PBXFrameworksBuildPhase section */

/* Begin PBXGroup section */
		0D5C52FF1DD40F3100D06487 = {
			isa = PBXGroup;
			children = (
				0D5C530A1DD40F3100D06487 /* Memorable Places */,
				0D5C531F1DD40F3100D06487 /* Memorable PlacesTests */,
				0D5C532A1DD40F3100D06487 /* Memorable PlacesUITests */,
				0D5C53091DD40F3100D06487 /* Products */,
				0D5C533B1DD42EF700D06487 /* Frameworks */,
			);
			sourceTree = "<group>";
		};
		0D5C53091DD40F3100D06487 /* Products */ = {
			isa = PBXGroup;
			children = (
				0D5C53081DD40F3100D06487 /* Memorable Places.app */,
				0D5C531C1DD40F3100D06487 /* Memorable PlacesTests.xctest */,
				0D5C53271DD40F3100D06487 /* Memorable PlacesUITests.xctest */,
			);
			name = Products;
			sourceTree = "<group>";
		};
		0D5C530A1DD40F3100D06487 /* Memorable Places */ = {
			isa = PBXGroup;
			children = (
				0D5C530B1DD40F3100D06487 /* AppDelegate.swift */,
				0D5C530D1DD40F3100D06487 /* ViewController.swift */,
				0D5C530F1DD40F3100D06487 /* Main.storyboard */,
				0D5C53391DD4125000D06487 /* PlaceTableViewController.swift */,
				0D5C53121DD40F3100D06487 /* Assets.xcassets */,
				0D5C53141DD40F3100D06487 /* LaunchScreen.storyboard */,
				0D5C53171DD40F3100D06487 /* Info.plist */,
			);
			path = "Memorable Places";
			sourceTree = "<group>";
		};
		0D5C531F1DD40F3100D06487 /* Memorable PlacesTests */ = {
			isa = PBXGroup;
			children = (
				0D5C53201DD40F3100D06487 /* Memorable_PlacesTests.swift */,
				0D5C53221DD40F3100D06487 /* Info.plist */,
			);
			path = "Memorable PlacesTests";
			sourceTree = "<group>";
		};
		0D5C532A1DD40F3100D06487 /* Memorable PlacesUITests */ = {
			isa = PBXGroup;
			children = (
				0D5C532B1DD40F3100D06487 /* Memorable_PlacesUITests.swift */,
				0D5C532D1DD40F3100D06487 /* Info.plist */,
			);
			path = "Memorable PlacesUITests";
			sourceTree = "<group>";
		};
		0D5C533B1DD42EF700D06487 /* Frameworks */ = {
			isa = PBXGroup;
			children = (
				0D5C533C1DD42EF800D06487 /* CoreLocation.framework */,
			);
			name = Frameworks;
			sourceTree = "<group>";
		};
/* End PBXGroup section */

/* Begin PBXNativeTarget section */
		0D5C53071DD40F3100D06487 /* Memorable Places */ = {
			isa = PBXNativeTarget;
			buildConfigurationList = 0D5C53301DD40F3100D06487 /* Build configuration list for PBXNativeTarget "Memorable Places" */;
			buildPhases = (
				0D5C53041DD40F3100D06487 /* Sources */,
				0D5C53051DD40F3100D06487 /* Frameworks */,
				0D5C53061DD40F3100D06487 /* Resources */,
			);
			buildRules = (
			);
			dependencies = (
			);
			name = "Memorable Places";
			productName = "Memorable Places";
			productReference = 0D5C53081DD40F3100D06487 /* Memorable Places.app */;
			productType = "com.apple.product-type.application";
		};
		0D5C531B1DD40F3100D06487 /* Memorable PlacesTests */ = {
			isa = PBXNativeTarget;
			buildConfigurationList = 0D5C53331DD40F3100D06487 /* Build configuration list for PBXNativeTarget "Memorable PlacesTests" */;
			buildPhases = (
				0D5C53181DD40F3100D06487 /* Sources */,
				0D5C53191DD40F3100D06487 /* Frameworks */,
				0D5C531A1DD40F3100D06487 /* Resources */,
			);
			buildRules = (
			);
			dependencies = (
				0D5C531E1DD40F3100D06487 /* PBXTargetDependency */,
			);
			name = "Memorable PlacesTests";
			productName = "Memorable PlacesTests";
			productReference = 0D5C531C1DD40F3100D06487 /* Memorable PlacesTests.xctest */;
			productType = "com.apple.product-type.bundle.unit-test";
		};
		0D5C53261DD40F3100D06487 /* Memorable PlacesUITests */ = {
			isa = PBXNativeTarget;
			buildConfigurationList = 0D5C53361DD40F3100D06487 /* Build configuration list for PBXNativeTarget "Memorable PlacesUITests" */;
			buildPhases = (
				0D5C53231DD40F3100D06487 /* Sources */,
				0D5C53241DD40F3100D06487 /* Frameworks */,
				0D5C53251DD40F3100D06487 /* Resources */,
			);
			buildRules = (
			);
			dependencies = (
				0D5C53291DD40F3100D06487 /* PBXTargetDependency */,
			);
			name = "Memorable PlacesUITests";
			productName = "Memorable PlacesUITests";
			productReference = 0D5C53271DD40F3100D06487 /* Memorable PlacesUITests.xctest */;
			productType = "com.apple.product-type.bundle.ui-testing";
		};
/* End PBXNativeTarget section */

/* Begin PBXProject section */
		0D5C53001DD40F3100D06487 /* Project object */ = {
			isa = PBXProject;
			attributes = {
				LastSwiftUpdateCheck = 0810;
				LastUpgradeCheck = 0810;
				ORGANIZATIONNAME = "Ryan Ruoshui Yan";
				TargetAttributes = {
					0D5C53071DD40F3100D06487 = {
						CreatedOnToolsVersion = 8.1;
						ProvisioningStyle = Automatic;
					};
					0D5C531B1DD40F3100D06487 = {
						CreatedOnToolsVersion = 8.1;
						ProvisioningStyle = Automatic;
						TestTargetID = 0D5C53071DD40F3100D06487;
					};
					0D5C53261DD40F3100D06487 = {
						CreatedOnToolsVersion = 8.1;
						ProvisioningStyle = Automatic;
						TestTargetID = 0D5C53071DD40F3100D06487;
					};
				};
			};
			buildConfigurationList = 0D5C53031DD40F3100D06487 /* Build configuration list for PBXProject "Memorable Places" */;
			compatibilityVersion = "Xcode 3.2";
			developmentRegion = English;
			hasScannedForEncodings = 0;
			knownRegions = (
				en,
				Base,
			);
			mainGroup = 0D5C52FF1DD40F3100D06487;
			productRefGroup = 0D5C53091DD40F3100D06487 /* Products */;
			projectDirPath = "";
			projectRoot = "";
			targets = (
				0D5C53071DD40F3100D06487 /* Memorable Places */,
				0D5C531B1DD40F3100D06487 /* Memorable PlacesTests */,
				0D5C53261DD40F3100D06487 /* Memorable PlacesUITests */,
			);
		};
/* End PBXProject section */

/* Begin PBXResourcesBuildPhase section */
		0D5C53061DD40F3100D06487 /* Resources */ = {
			isa = PBXResourcesBuildPhase;
			buildActionMask = 2147483647;
			files = (
				0D5C53161DD40F3100D06487 /* LaunchScreen.storyboard in Resources */,
				0D5C53131DD40F3100D06487 /* Assets.xcassets in Resources */,
				0D5C53111DD40F3100D06487 /* Main.storyboard in Resources */,
			);
			runOnlyForDeploymentPostprocessing = 0;
		};
		0D5C531A1DD40F3100D06487 /* Resources */ = {
			isa = PBXResourcesBuildPhase;
			buildActionMask = 2147483647;
			files = (
			);
			runOnlyForDeploymentPostprocessing = 0;
		};
		0D5C53251DD40F3100D06487 /* Resources */ = {
			isa = PBXResourcesBuildPhase;
			buildActionMask = 2147483647;
			files = (
			);
			runOnlyForDeploymentPostprocessing = 0;
		};
/* End PBXResourcesBuildPhase section */

/* Begin PBXSourcesBuildPhase section */
		0D5C53041DD40F3100D06487 /* Sources */ = {
			isa = PBXSourcesBuildPhase;
			buildActionMask = 2147483647;
			files = (
				0D5C530E1DD40F3100D06487 /* ViewController.swift in Sources */,
				0D5C530C1DD40F3100D06487 /* AppDelegate.swift in Sources */,
				0D5C533A1DD4125000D06487 /* PlaceTableViewController.swift in Sources */,
			);
			runOnlyForDeploymentPostprocessing = 0;
		};
		0D5C53181DD40F3100D06487 /* Sources */ = {
			isa = PBXSourcesBuildPhase;
			buildActionMask = 2147483647;
			files = (
				0D5C53211DD40F3100D06487 /* Memorable_PlacesTests.swift in Sources */,
			);
			runOnlyForDeploymentPostprocessing = 0;
		};
		0D5C53231DD40F3100D06487 /* Sources */ = {
			isa = PBXSourcesBuildPhase;
			buildActionMask = 2147483647;
			files = (
				0D5C532C1DD40F3100D06487 /* Memorable_PlacesUITests.swift in Sources */,
			);
			runOnlyForDeploymentPostprocessing = 0;
		};
/* End PBXSourcesBuildPhase section */

/* Begin PBXTargetDependency section */
		0D5C531E1DD40F3100D06487 /* PBXTargetDependency */ = {
			isa = PBXTargetDependency;
			target = 0D5C53071DD40F3100D06487 /* Memorable Places */;
			targetProxy = 0D5C531D1DD40F3100D06487 /* PBXContainerItemProxy */;
		};
		0D5C53291DD40F3100D06487 /* PBXTargetDependency */ = {
			isa = PBXTargetDependency;
			target = 0D5C53071DD40F3100D06487 /* Memorable Places */;
			targetProxy = 0D5C53281DD40F3100D06487 /* PBXContainerItemProxy */;
		};
/* End PBXTargetDependency section */

/* Begin PBXVariantGroup section */
		0D5C530F1DD40F3100D06487 /* Main.storyboard */ = {
			isa = PBXVariantGroup;
			children = (
				0D5C53101DD40F3100D06487 /* Base */,
			);
			name = Main.storyboard;
			sourceTree = "<group>";
		};
		0D5C53141DD40F3100D06487 /* LaunchScreen.storyboard */ = {
			isa = PBXVariantGroup;
			children = (
				0D5C53151DD40F3100D06487 /* Base */,
			);
			name = LaunchScreen.storyboard;
			sourceTree = "<group>";
		};
/* End PBXVariantGroup section */

/* Begin XCBuildConfiguration section */
		0D5C532E1DD40F3100D06487 /* Debug */ = {
			isa = XCBuildConfiguration;
			buildSettings = {
				ALWAYS_SEARCH_USER_PATHS = NO;
				CLANG_ANALYZER_NONNULL = YES;
				CLANG_CXX_LANGUAGE_STANDARD = "gnu++0x";
				CLANG_CXX_LIBRARY = "libc++";
				CLANG_ENABLE_MODULES = YES;
				CLANG_ENABLE_OBJC_ARC = YES;
				CLANG_WARN_BOOL_CONVERSION = YES;
				CLANG_WARN_CONSTANT_CONVERSION = YES;
				CLANG_WARN_DIRECT_OBJC_ISA_USAGE = YES_ERROR;
				CLANG_WARN_DOCUMENTATION_COMMENTS = YES;
				CLANG_WARN_EMPTY_BODY = YES;
				CLANG_WARN_ENUM_CONVERSION = YES;
				CLANG_WARN_INFINITE_RECURSION = YES;
				CLANG_WARN_INT_CONVERSION = YES;
				CLANG_WARN_OBJC_ROOT_CLASS = YES_ERROR;
				CLANG_WARN_SUSPICIOUS_MOVES = YES;
				CLANG_WARN_UNREACHABLE_CODE = YES;
				CLANG_WARN__DUPLICATE_METHOD_MATCH = YES;
				"CODE_SIGN_IDENTITY[sdk=iphoneos*]" = "iPhone Developer";
				COPY_PHASE_STRIP = NO;
				DEBUG_INFORMATION_FORMAT = dwarf;
				ENABLE_STRICT_OBJC_MSGSEND = YES;
				ENABLE_TESTABILITY = YES;
				GCC_C_LANGUAGE_STANDARD = gnu99;
				GCC_DYNAMIC_NO_PIC = NO;
				GCC_NO_COMMON_BLOCKS = YES;
				GCC_OPTIMIZATION_LEVEL = 0;
				GCC_PREPROCESSOR_DEFINITIONS = (
					"DEBUG=1",
					"$(inherited)",
				);
				GCC_WARN_64_TO_32_BIT_CONVERSION = YES;
				GCC_WARN_ABOUT_RETURN_TYPE = YES_ERROR;
				GCC_WARN_UNDECLARED_SELECTOR = YES;
				GCC_WARN_UNINITIALIZED_AUTOS = YES_AGGRESSIVE;
				GCC_WARN_UNUSED_FUNCTION = YES;
				GCC_WARN_UNUSED_VARIABLE = YES;
				IPHONEOS_DEPLOYMENT_TARGET = 10.1;
				MTL_ENABLE_DEBUG_INFO = YES;
				ONLY_ACTIVE_ARCH = YES;
				SDKROOT = iphoneos;
				SWIFT_ACTIVE_COMPILATION_CONDITIONS = DEBUG;
				SWIFT_OPTIMIZATION_LEVEL = "-Onone";
				TARGETED_DEVICE_FAMILY = "1,2";
			};
			name = Debug;
		};
		0D5C532F1DD40F3100D06487 /* Release */ = {
			isa = XCBuildConfiguration;
			buildSettings = {
				ALWAYS_SEARCH_USER_PATHS = NO;
				CLANG_ANALYZER_NONNULL = YES;
				CLANG_CXX_LANGUAGE_STANDARD = "gnu++0x";
				CLANG_CXX_LIBRARY = "libc++";
				CLANG_ENABLE_MODULES = YES;
				CLANG_ENABLE_OBJC_ARC = YES;
				CLANG_WARN_BOOL_CONVERSION = YES;
				CLANG_WARN_CONSTANT_CONVERSION = YES;
				CLANG_WARN_DIRECT_OBJC_ISA_USAGE = YES_ERROR;
				CLANG_WARN_DOCUMENTATION_COMMENTS = YES;
				CLANG_WARN_EMPTY_BODY = YES;
				CLANG_WARN_ENUM_CONVERSION = YES;
				CLANG_WARN_INFINITE_RECURSION = YES;
				CLANG_WARN_INT_CONVERSION = YES;
				CLANG_WARN_OBJC_ROOT_CLASS = YES_ERROR;
				CLANG_WARN_SUSPICIOUS_MOVES = YES;
				CLANG_WARN_UNREACHABLE_CODE = YES;
				CLANG_WARN__DUPLICATE_METHOD_MATCH = YES;
				"CODE_SIGN_IDENTITY[sdk=iphoneos*]" = "iPhone Developer";
				COPY_PHASE_STRIP = NO;
				DEBUG_INFORMATION_FORMAT = "dwarf-with-dsym";
				ENABLE_NS_ASSERTIONS = NO;
				ENABLE_STRICT_OBJC_MSGSEND = YES;
				GCC_C_LANGUAGE_STANDARD = gnu99;
				GCC_NO_COMMON_BLOCKS = YES;
				GCC_WARN_64_TO_32_BIT_CONVERSION = YES;
				GCC_WARN_ABOUT_RETURN_TYPE = YES_ERROR;
				GCC_WARN_UNDECLARED_SELECTOR = YES;
				GCC_WARN_UNINITIALIZED_AUTOS = YES_AGGRESSIVE;
				GCC_WARN_UNUSED_FUNCTION = YES;
				GCC_WARN_UNUSED_VARIABLE = YES;
				IPHONEOS_DEPLOYMENT_TARGET = 10.1;
				MTL_ENABLE_DEBUG_INFO = NO;
				SDKROOT = iphoneos;
				SWIFT_OPTIMIZATION_LEVEL = "-Owholemodule";
				TARGETED_DEVICE_FAMILY = "1,2";
				VALIDATE_PRODUCT = YES;
			};
			name = Release;
		};
		0D5C53311DD40F3100D06487 /* Debug */ = {
			isa = XCBuildConfiguration;
			buildSettings = {
				ASSETCATALOG_COMPILER_APPICON_NAME = AppIcon;
				INFOPLIST_FILE = "Memorable Places/Info.plist";
				LD_RUNPATH_SEARCH_PATHS = "$(inherited) @executable_path/Frameworks";
				PRODUCT_BUNDLE_IDENTIFIER = "Ryan.Memorable-Places";
				PRODUCT_NAME = "$(TARGET_NAME)";
				SWIFT_VERSION = 3.0;
			};
			name = Debug;
		};
		0D5C53321DD40F3100D06487 /* Release */ = {
			isa = XCBuildConfiguration;
			buildSettings = {
				ASSETCATALOG_COMPILER_APPICON_NAME = AppIcon;
				INFOPLIST_FILE = "Memorable Places/Info.plist";
				LD_RUNPATH_SEARCH_PATHS = "$(inherited) @executable_path/Frameworks";
				PRODUCT_BUNDLE_IDENTIFIER = "Ryan.Memorable-Places";
				PRODUCT_NAME = "$(TARGET_NAME)";
				SWIFT_VERSION = 3.0;
			};
			name = Release;
		};
		0D5C53341DD40F3100D06487 /* Debug */ = {
			isa = XCBuildConfiguration;
			buildSettings = {
				ALWAYS_EMBED_SWIFT_STANDARD_LIBRARIES = YES;
				BUNDLE_LOADER = "$(TEST_HOST)";
				INFOPLIST_FILE = "Memorable PlacesTests/Info.plist";
				LD_RUNPATH_SEARCH_PATHS = "$(inherited) @executable_path/Frameworks @loader_path/Frameworks";
				PRODUCT_BUNDLE_IDENTIFIER = "Ryan.Memorable-PlacesTests";
				PRODUCT_NAME = "$(TARGET_NAME)";
				SWIFT_VERSION = 3.0;
				TEST_HOST = "$(BUILT_PRODUCTS_DIR)/Memorable Places.app/Memorable Places";
			};
			name = Debug;
		};
		0D5C53351DD40F3100D06487 /* Release */ = {
			isa = XCBuildConfiguration;
			buildSettings = {
				ALWAYS_EMBED_SWIFT_STANDARD_LIBRARIES = YES;
				BUNDLE_LOADER = "$(TEST_HOST)";
				INFOPLIST_FILE = "Memorable PlacesTests/Info.plist";
				LD_RUNPATH_SEARCH_PATHS = "$(inherited) @executable_path/Frameworks @loader_path/Frameworks";
				PRODUCT_BUNDLE_IDENTIFIER = "Ryan.Memorable-PlacesTests";
				PRODUCT_NAME = "$(TARGET_NAME)";
				SWIFT_VERSION = 3.0;
				TEST_HOST = "$(BUILT_PRODUCTS_DIR)/Memorable Places.app/Memorable Places";
			};
			name = Release;
		};
		0D5C53371DD40F3100D06487 /* Debug */ = {
			isa = XCBuildConfiguration;
			buildSettings = {
				ALWAYS_EMBED_SWIFT_STANDARD_LIBRARIES = YES;
				INFOPLIST_FILE = "Memorable PlacesUITests/Info.plist";
				LD_RUNPATH_SEARCH_PATHS = "$(inherited) @executable_path/Frameworks @loader_path/Frameworks";
				PRODUCT_BUNDLE_IDENTIFIER = "Ryan.Memorable-PlacesUITests";
				PRODUCT_NAME = "$(TARGET_NAME)";
				SWIFT_VERSION = 3.0;
				TEST_TARGET_NAME = "Memorable Places";
			};
			name = Debug;
		};
		0D5C53381DD40F3100D06487 /* Release */ = {
			isa = XCBuildConfiguration;
			buildSettings = {
				ALWAYS_EMBED_SWIFT_STANDARD_LIBRARIES = YES;
				INFOPLIST_FILE = "Memorable PlacesUITests/Info.plist";
				LD_RUNPATH_SEARCH_PATHS = "$(inherited) @executable_path/Frameworks @loader_path/Frameworks";
				PRODUCT_BUNDLE_IDENTIFIER = "Ryan.Memorable-PlacesUITests";
				PRODUCT_NAME = "$(TARGET_NAME)";
				SWIFT_VERSION = 3.0;
				TEST_TARGET_NAME = "Memorable Places";
			};
			name = Release;
		};
/* End XCBuildConfiguration section */

/* Begin XCConfigurationList section */
		0D5C53031DD40F3100D06487 /* Build configuration list for PBXProject "Memorable Places" */ = {
			isa = XCConfigurationList;
			buildConfigurations = (
				0D5C532E1DD40F3100D06487 /* Debug */,
				0D5C532F1DD40F3100D06487 /* Release */,
			);
			defaultConfigurationIsVisible = 0;
			defaultConfigurationName = Release;
		};
		0D5C53301DD40F3100D06487 /* Build configuration list for PBXNativeTarget "Memorable Places" */ = {
			isa = XCConfigurationList;
			buildConfigurations = (
				0D5C53311DD40F3100D06487 /* Debug */,
				0D5C53321DD40F3100D06487 /* Release */,
			);
			defaultConfigurationIsVisible = 0;
		};
		0D5C53331DD40F3100D06487 /* Build configuration list for PBXNativeTarget "Memorable PlacesTests" */ = {
			isa = XCConfigurationList;
			buildConfigurations = (
				0D5C53341DD40F3100D06487 /* Debug */,
				0D5C53351DD40F3100D06487 /* Release */,
			);
			defaultConfigurationIsVisible = 0;
		};
		0D5C53361DD40F3100D06487 /* Build configuration list for PBXNativeTarget "Memorable PlacesUITests" */ = {
			isa = XCConfigurationList;
			buildConfigurations = (
				0D5C53371DD40F3100D06487 /* Debug */,
				0D5C53381DD40F3100D06487 /* Release */,
			);
			defaultConfigurationIsVisible = 0;
		};
/* End XCConfigurationList section */
	};
	rootObject = 0D5C53001DD40F3100D06487 /* Project object */;
}
